
Microsoft Visual Studio Solution File, Format Version 12.00
# Visual Studio 2012
Project("{8BC9CEB8-8B4A-11D0-8D11-00A0C91BC942}") = "Vectorizing_Animation", "Vectorizing Animation Video\Vectorizing_Animation.vcxproj", "{3E7279CE-24E2-481D-A7AC-DE45FB1F9B2B}"
EndProject
Global
	GlobalSection(SolutionConfigurationPlatforms) = preSolution
		Debug|Win32 = Debug|Win32
		Debug|x64 = Debug|x64
		Release|Win32 = Release|Win32
		Release|x64 = Release|x64
	EndGlobalSection
	GlobalSection(ProjectConfigurationPlatforms) = postSolution
		{3E7279CE-24E2-481D-A7AC-DE45FB1F9B2B}.Debug|Win32.ActiveCfg = Debug|Win32
		{3E7279CE-24E2-481D-A7AC-DE45FB1F9B2B}.Debug|Win32.Build.0 = Debug|Win32
		{3E7279CE-24E2-481D-A7AC-DE45FB1F9B2B}.Debug|x64.ActiveCfg = Debug|x64
		{3E7279CE-24E2-481D-A7AC-DE45FB1F9B2B}.Debug|x64.Build.0 = Debug|x64
		{3E7279CE-24E2-481D-A7AC-DE45FB1F9B2B}.Release|Win32.ActiveCfg = Release|Win32
		{3E7279CE-24E2-481D-A7AC-DE45FB1F9B2B}.Release|Win32.Build.0 = Release|Win32
		{3E7279CE-24E2-481D-A7AC-DE45FB1F9B2B}.Release|x64.ActiveCfg = Release|x64
		{3E7279CE-24E2-481D-A7AC-DE45FB1F9B2B}.Release|x64.Build.0 = Release|x64
	EndGlobalSection
	GlobalSection(SolutionProperties) = preSolution
		HideSolutionNode = FALSE
	EndGlobalSection
	GlobalSection(CodealikeProperties) = postSolution
		SolutionGuid = 820f1ec1-354f-4be0-b663-247dfc27733c
	EndGlobalSection
EndGlobal
