<?xml version="1.0" encoding="utf-8"?>
<Project ToolsVersion="4.0" xmlns="http://schemas.microsoft.com/developer/msbuild/2003">
  <ItemGroup>
    <Filter Include="原始程式檔">
      <UniqueIdentifier>{4FC737F1-C7A5-4376-A066-2A32D752A2FF}</UniqueIdentifier>
      <Extensions>cpp;c;cc;cxx;def;odl;idl;hpj;bat;asm;asmx</Extensions>
    </Filter>
    <Filter Include="標頭檔">
      <UniqueIdentifier>{93995380-89BD-4b04-88EB-625FBE52EBFB}</UniqueIdentifier>
      <Extensions>h;hpp;hxx;hm;inl;inc;xsd</Extensions>
    </Filter>
    <Filter Include="資源檔">
      <UniqueIdentifier>{67DA6AB6-F800-4c08-8B7A-83BB121AAD01}</UniqueIdentifier>
      <Extensions>rc;ico;cur;bmp;dlg;rc2;rct;bin;rgs;gif;jpg;jpeg;jpe;resx;tiff;tif;png;wav;mfcribbon-ms</Extensions>
    </Filter>
    <Filter Include="DX11">
      <UniqueIdentifier>{3eadeada-301b-4988-8412-627885011372}</UniqueIdentifier>
    </Filter>
    <Filter Include="math">
      <UniqueIdentifier>{45b304f2-568c-4ba2-b17e-55bed07d3cb2}</UniqueIdentifier>
    </Filter>
    <Filter Include="shader">
      <UniqueIdentifier>{741ce9ca-38d0-4b0a-ba10-ce65704d10e9}</UniqueIdentifier>
    </Filter>
  </ItemGroup>
  <ItemGroup>
    <Text Include="ReadMe.txt" />
  </ItemGroup>
  <ItemGroup>
    <ClInclude Include="ImageFeatureDetection.h">
      <Filter>標頭檔</Filter>
    </ClInclude>
    <ClInclude Include="stdafx.h">
      <Filter>標頭檔</Filter>
    </ClInclude>
    <ClInclude Include="targetver.h">
      <Filter>標頭檔</Filter>
    </ClInclude>
    <ClInclude Include="MainFrm.h">
      <Filter>標頭檔</Filter>
    </ClInclude>
    <ClInclude Include="ImageFeatureDetectionDoc.h">
      <Filter>標頭檔</Filter>
    </ClInclude>
    <ClInclude Include="ImageFeatureDetectionView.h">
      <Filter>標頭檔</Filter>
    </ClInclude>
    <ClInclude Include="Resource.h">
      <Filter>標頭檔</Filter>
    </ClInclude>
    <ClInclude Include="CalendarBar.h">
      <Filter>標頭檔</Filter>
    </ClInclude>
    <ClInclude Include="DX11\d3dApp_Picture.h">
      <Filter>DX11</Filter>
    </ClInclude>
    <ClInclude Include="DX11\Timer.h">
      <Filter>DX11</Filter>
    </ClInclude>
    <ClInclude Include="DX11\Vertex.h">
      <Filter>DX11</Filter>
    </ClInclude>
    <ClInclude Include="D3DpictureView.h">
      <Filter>標頭檔</Filter>
    </ClInclude>
    <ClInclude Include="vavImage.h">
      <Filter>標頭檔</Filter>
    </ClInclude>
    <ClInclude Include="Line.h">
      <Filter>標頭檔</Filter>
    </ClInclude>
    <ClInclude Include="math\Matrix3.h">
      <Filter>math</Filter>
    </ClInclude>
    <ClInclude Include="math\Matrix4.h">
      <Filter>math</Filter>
    </ClInclude>
    <ClInclude Include="math\Plane.h">
      <Filter>math</Filter>
    </ClInclude>
    <ClInclude Include="math\PlaneBoundedVolume.h">
      <Filter>math</Filter>
    </ClInclude>
    <ClInclude Include="math\Polygon2D.h">
      <Filter>math</Filter>
    </ClInclude>
    <ClInclude Include="math\Quaternion.h">
      <Filter>math</Filter>
    </ClInclude>
    <ClInclude Include="math\Ray.h">
      <Filter>math</Filter>
    </ClInclude>
    <ClInclude Include="math\Sphere.h">
      <Filter>math</Filter>
    </ClInclude>
    <ClInclude Include="math\Vector2.h">
      <Filter>math</Filter>
    </ClInclude>
    <ClInclude Include="math\Vector3.h">
      <Filter>math</Filter>
    </ClInclude>
    <ClInclude Include="math\Vector4.h">
      <Filter>math</Filter>
    </ClInclude>
    <ClInclude Include="math\AABB2D.h">
      <Filter>math</Filter>
    </ClInclude>
    <ClInclude Include="math\asm_math.h">
      <Filter>math</Filter>
    </ClInclude>
    <ClInclude Include="math\AxisAlignedBox.h">
      <Filter>math</Filter>
    </ClInclude>
    <ClInclude Include="math\BasicMath.h">
      <Filter>math</Filter>
    </ClInclude>
    <ClInclude Include="ConvStr.h">
      <Filter>標頭檔</Filter>
    </ClInclude>
  </ItemGroup>
  <ItemGroup>
    <ClCompile Include="ImageFeatureDetection.cpp">
      <Filter>原始程式檔</Filter>
    </ClCompile>
    <ClCompile Include="stdafx.cpp">
      <Filter>原始程式檔</Filter>
    </ClCompile>
    <ClCompile Include="MainFrm.cpp">
      <Filter>原始程式檔</Filter>
    </ClCompile>
    <ClCompile Include="ImageFeatureDetectionDoc.cpp">
      <Filter>原始程式檔</Filter>
    </ClCompile>
    <ClCompile Include="ImageFeatureDetectionView.cpp">
      <Filter>原始程式檔</Filter>
    </ClCompile>
    <ClCompile Include="CalendarBar.cpp">
      <Filter>原始程式檔</Filter>
    </ClCompile>
    <ClCompile Include="DX11\d3dApp_Picture.cpp">
      <Filter>DX11</Filter>
    </ClCompile>
    <ClCompile Include="DX11\Timer.cpp">
      <Filter>DX11</Filter>
    </ClCompile>
    <ClCompile Include="DX11\Vertex.cpp">
      <Filter>DX11</Filter>
    </ClCompile>
    <ClCompile Include="D3DpictureView.cpp">
      <Filter>原始程式檔</Filter>
    </ClCompile>
    <ClCompile Include="vavImage.cpp">
      <Filter>原始程式檔</Filter>
    </ClCompile>
    <ClCompile Include="math\Math.cpp">
      <Filter>math</Filter>
    </ClCompile>
    <ClCompile Include="math\Matrix3.cpp">
      <Filter>math</Filter>
    </ClCompile>
    <ClCompile Include="math\Matrix4.cpp">
      <Filter>math</Filter>
    </ClCompile>
    <ClCompile Include="math\Plane.cpp">
      <Filter>math</Filter>
    </ClCompile>
    <ClCompile Include="math\Polygon2D.cpp">
      <Filter>math</Filter>
    </ClCompile>
    <ClCompile Include="math\Quaternion.cpp">
      <Filter>math</Filter>
    </ClCompile>
    <ClCompile Include="math\Vector2.cpp">
      <Filter>math</Filter>
    </ClCompile>
    <ClCompile Include="math\Vector3.cpp">
      <Filter>math</Filter>
    </ClCompile>
    <ClCompile Include="math\Vector4.cpp">
      <Filter>math</Filter>
    </ClCompile>
    <ClCompile Include="math\AABB2D.cpp">
      <Filter>math</Filter>
    </ClCompile>
    <ClCompile Include="math\AxisAlignedBox.cpp">
      <Filter>math</Filter>
    </ClCompile>
    <ClCompile Include="ConvStr.cpp">
      <Filter>原始程式檔</Filter>
    </ClCompile>
  </ItemGroup>
  <ItemGroup>
    <ResourceCompile Include="ImageFeatureDetection.rc">
      <Filter>資源檔</Filter>
    </ResourceCompile>
  </ItemGroup>
  <ItemGroup>
    <Image Include="res\nav_large.bmp">
      <Filter>資源檔</Filter>
    </Image>
    <Image Include="res\nav_large_hc.bmp">
      <Filter>資源檔</Filter>
    </Image>
    <Image Include="res\pages.bmp">
      <Filter>資源檔</Filter>
    </Image>
    <Image Include="res\pages_hc.bmp">
      <Filter>資源檔</Filter>
    </Image>
    <Image Include="res\pages_small.bmp">
      <Filter>資源檔</Filter>
    </Image>
    <Image Include="res\pages_small_hc.bmp">
      <Filter>資源檔</Filter>
    </Image>
    <Image Include="res\info.bmp">
      <Filter>資源檔</Filter>
    </Image>
    <Image Include="res\buttons.bmp">
      <Filter>資源檔</Filter>
    </Image>
    <Image Include="res\filelarge.bmp">
      <Filter>資源檔</Filter>
    </Image>
    <Image Include="res\filesmall.bmp">
      <Filter>資源檔</Filter>
    </Image>
    <Image Include="res\main.bmp">
      <Filter>資源檔</Filter>
    </Image>
    <Image Include="res\writelarge.bmp">
      <Filter>資源檔</Filter>
    </Image>
    <Image Include="res\writesmall.bmp">
      <Filter>資源檔</Filter>
    </Image>
    <Image Include="res\ImageFeatureDetectionDoc.ico">
      <Filter>資源檔</Filter>
    </Image>
    <Image Include="res\ImageFeatureDetection.ico">
      <Filter>資源檔</Filter>
    </Image>
    <Image Include="res\Toolbar.bmp">
      <Filter>資源檔</Filter>
    </Image>
    <Image Include="res\Toolbar256.bmp">
      <Filter>資源檔</Filter>
    </Image>
  </ItemGroup>
  <ItemGroup>
    <None Include="res\ribbon.mfcribbon-ms">
      <Filter>資源檔</Filter>
    </None>
    <None Include="res\ImageFeatureDetection.rc2">
      <Filter>資源檔</Filter>
    </None>
  </ItemGroup>
  <ItemGroup>
    <FxCompile Include="shader\picture.fx">
      <Filter>shader</Filter>
    </FxCompile>
    <FxCompile Include="shader\bigpoint.fx">
      <Filter>shader</Filter>
    </FxCompile>
  </ItemGroup>
</Project>